
Microsoft Visual Studio Solution File, Format Version 12.00
# Visual Studio Version 17
VisualStudioVersion = 17.12.35707.178 d17.12
MinimumVisualStudioVersion = 10.0.40219.1
Project("{FAE04EC0-301F-11D3-BF4B-00C04F79EFBC}") = "System.Drawing.Dds", "System.Drawing.Dds\System.Drawing.Dds.csproj", "{A31A58A8-2BC6-43AF-AD81-692B2E37F01A}"
EndProject
Project("{2150E333-8FDC-42A3-9474-1A3956D46DE8}") = "Solution Items", "Solution Items", "{EB01F6EE-E477-40E9-A6CB-BACB46CEC115}"
	ProjectSection(SolutionItems) = preProject
		.editorconfig = .editorconfig
	EndProjectSection
EndProject
Global
	GlobalSection(SolutionConfigurationPlatforms) = preSolution
		Debug|Any CPU = Debug|Any CPU
		Release|Any CPU = Release|Any CPU
	EndGlobalSection
	GlobalSection(ProjectConfigurationPlatforms) = postSolution
		{A31A58A8-2BC6-43AF-AD81-692B2E37F01A}.Debug|Any CPU.ActiveCfg = Debug|Any CPU
		{A31A58A8-2BC6-43AF-AD81-692B2E37F01A}.Debug|Any CPU.Build.0 = Debug|Any CPU
		{A31A58A8-2BC6-43AF-AD81-692B2E37F01A}.Release|Any CPU.ActiveCfg = Release|Any CPU
		{A31A58A8-2BC6-43AF-AD81-692B2E37F01A}.Release|Any CPU.Build.0 = Release|Any CPU
	EndGlobalSection
	GlobalSection(SolutionProperties) = preSolution
		HideSolutionNode = FALSE
	EndGlobalSection
EndGlobal
